
Microsoft Visual Studio Solution File, Format Version 12.00
# Visual Studio Version 17
VisualStudioVersion = 17.14.36301.6
MinimumVisualStudioVersion = 10.0.40219.1
Project("{FAE04EC0-301F-11D3-BF4B-00C04F79EFBC}") = "ECommerce.Gateway", "ECommerce.Gateway\ECommerce.Gateway.csproj", "{9DB09D4E-D0AB-4627-8F03-B5B25F300BCC}"
EndProject
Project("{FAE04EC0-301F-11D3-BF4B-00C04F79EFBC}") = "ECommerce.ProductService", "ECommerce.ProductService\ECommerce.ProductService.csproj", "{80F64A53-7AEE-4A64-B221-6A998FBDE11F}"
EndProject
Project("{FAE04EC0-301F-11D3-BF4B-00C04F79EFBC}") = "ECommerce.RequestService", "ECommerce.RequestService\ECommerce.RequestService.csproj", "{E7103BC6-601E-4CFF-8675-AD5A4CCC9370}"
EndProject
Project("{FAE04EC0-301F-11D3-BF4B-00C04F79EFBC}") = "ECommerce.SagaOrchestrator", "ECommerce.SagaOrchestrator\ECommerce.SagaOrchestrator.csproj", "{ED32A83D-F31D-43C9-AB80-358516B39AC8}"
EndProject
Project("{FAE04EC0-301F-11D3-BF4B-00C04F79EFBC}") = "ECommerce.Shared", "ECommerce.Shared\ECommerce.Shared.csproj", "{7D458303-3048-48E3-BD53-D2D8153229F3}"
EndProject
Global
	GlobalSection(SolutionConfigurationPlatforms) = preSolution
		Debug|Any CPU = Debug|Any CPU
		Release|Any CPU = Release|Any CPU
	EndGlobalSection
	GlobalSection(ProjectConfigurationPlatforms) = postSolution
		{9DB09D4E-D0AB-4627-8F03-B5B25F300BCC}.Debug|Any CPU.ActiveCfg = Debug|Any CPU
		{9DB09D4E-D0AB-4627-8F03-B5B25F300BCC}.Debug|Any CPU.Build.0 = Debug|Any CPU
		{9DB09D4E-D0AB-4627-8F03-B5B25F300BCC}.Release|Any CPU.ActiveCfg = Release|Any CPU
		{9DB09D4E-D0AB-4627-8F03-B5B25F300BCC}.Release|Any CPU.Build.0 = Release|Any CPU
		{80F64A53-7AEE-4A64-B221-6A998FBDE11F}.Debug|Any CPU.ActiveCfg = Debug|Any CPU
		{80F64A53-7AEE-4A64-B221-6A998FBDE11F}.Debug|Any CPU.Build.0 = Debug|Any CPU
		{80F64A53-7AEE-4A64-B221-6A998FBDE11F}.Release|Any CPU.ActiveCfg = Release|Any CPU
		{80F64A53-7AEE-4A64-B221-6A998FBDE11F}.Release|Any CPU.Build.0 = Release|Any CPU
		{E7103BC6-601E-4CFF-8675-AD5A4CCC9370}.Debug|Any CPU.ActiveCfg = Debug|Any CPU
		{E7103BC6-601E-4CFF-8675-AD5A4CCC9370}.Debug|Any CPU.Build.0 = Debug|Any CPU
		{E7103BC6-601E-4CFF-8675-AD5A4CCC9370}.Release|Any CPU.ActiveCfg = Release|Any CPU
		{E7103BC6-601E-4CFF-8675-AD5A4CCC9370}.Release|Any CPU.Build.0 = Release|Any CPU
		{ED32A83D-F31D-43C9-AB80-358516B39AC8}.Debug|Any CPU.ActiveCfg = Debug|Any CPU
		{ED32A83D-F31D-43C9-AB80-358516B39AC8}.Debug|Any CPU.Build.0 = Debug|Any CPU
		{ED32A83D-F31D-43C9-AB80-358516B39AC8}.Release|Any CPU.ActiveCfg = Release|Any CPU
		{ED32A83D-F31D-43C9-AB80-358516B39AC8}.Release|Any CPU.Build.0 = Release|Any CPU
		{7D458303-3048-48E3-BD53-D2D8153229F3}.Debug|Any CPU.ActiveCfg = Debug|Any CPU
		{7D458303-3048-48E3-BD53-D2D8153229F3}.Debug|Any CPU.Build.0 = Debug|Any CPU
		{7D458303-3048-48E3-BD53-D2D8153229F3}.Release|Any CPU.ActiveCfg = Release|Any CPU
		{7D458303-3048-48E3-BD53-D2D8153229F3}.Release|Any CPU.Build.0 = Release|Any CPU
	EndGlobalSection
	GlobalSection(SolutionProperties) = preSolution
		HideSolutionNode = FALSE
	EndGlobalSection
	GlobalSection(ExtensibilityGlobals) = postSolution
		SolutionGuid = {5367B7D2-E927-4650-8940-3F5E6656AFD3}
	EndGlobalSection
EndGlobal
